
Microsoft Visual Studio Solution File, Format Version 12.00
# Visual Studio Version 16
VisualStudioVersion = 16.0.30523.141
MinimumVisualStudioVersion = 10.0.40219.1
Project("{FAE04EC0-301F-11D3-BF4B-00C04F79EFBC}") = "Scheduler", "Scheduler\Scheduler.csproj", "{CBBBCA2A-8F8D-498F-BFEC-CC322E33237E}"
EndProject
Global
	GlobalSection(SolutionConfigurationPlatforms) = preSolution
		Debug|Any CPU = Debug|Any CPU
		Release|Any CPU = Release|Any CPU
	EndGlobalSection
	GlobalSection(ProjectConfigurationPlatforms) = postSolution
		{CBBBCA2A-8F8D-498F-BFEC-CC322E33237E}.Debug|Any CPU.ActiveCfg = Debug|Any CPU
		{CBBBCA2A-8F8D-498F-BFEC-CC322E33237E}.Debug|Any CPU.Build.0 = Debug|Any CPU
		{CBBBCA2A-8F8D-498F-BFEC-CC322E33237E}.Release|Any CPU.ActiveCfg = Release|Any CPU
		{CBBBCA2A-8F8D-498F-BFEC-CC322E33237E}.Release|Any CPU.Build.0 = Release|Any CPU
	EndGlobalSection
	GlobalSection(SolutionProperties) = preSolution
		HideSolutionNode = FALSE
	EndGlobalSection
	GlobalSection(ExtensibilityGlobals) = postSolution
		SolutionGuid = {D1572D8A-761D-460F-9129-D6A202349C92}
	EndGlobalSection
EndGlobal
